
Microsoft Visual Studio Solution File, Format Version 12.00
# Visual Studio Version 17
VisualStudioVersion = 17.7.34031.279
MinimumVisualStudioVersion = 10.0.40219.1
Project("{FAE04EC0-301F-11D3-BF4B-00C04F79EFBC}") = "msiner", "msiner\msiner.csproj", "{516C3E0E-2D1B-4B87-B62C-5CB32CCC5D90}"
EndProject
Global
	GlobalSection(SolutionConfigurationPlatforms) = preSolution
		Debug|Any CPU = Debug|Any CPU
		Release|Any CPU = Release|Any CPU
	EndGlobalSection
	GlobalSection(ProjectConfigurationPlatforms) = postSolution
		{516C3E0E-2D1B-4B87-B62C-5CB32CCC5D90}.Debug|Any CPU.ActiveCfg = Debug|Any CPU
		{516C3E0E-2D1B-4B87-B62C-5CB32CCC5D90}.Debug|Any CPU.Build.0 = Debug|Any CPU
		{516C3E0E-2D1B-4B87-B62C-5CB32CCC5D90}.Release|Any CPU.ActiveCfg = Release|Any CPU
		{516C3E0E-2D1B-4B87-B62C-5CB32CCC5D90}.Release|Any CPU.Build.0 = Release|Any CPU
	EndGlobalSection
	GlobalSection(SolutionProperties) = preSolution
		HideSolutionNode = FALSE
	EndGlobalSection
	GlobalSection(ExtensibilityGlobals) = postSolution
		SolutionGuid = {7C9E9578-AC16-4B15-8DB0-EE810F1152E2}
	EndGlobalSection
EndGlobal
